
Microsoft Visual Studio Solution File, Format Version 12.00
Project("{2150E333-8FDC-42A3-9474-1A3956D46DE8}") = "project", "project", "{579E9CF8-B255-4375-ABCC-BD5B8BC3F8B2}"
EndProject
Project("{2150E333-8FDC-42A3-9474-1A3956D46DE8}") = "service", "service", "{42DACB45-93B4-46CF-94EB-724B0B864865}"
EndProject
Project("{2150E333-8FDC-42A3-9474-1A3956D46DE8}") = "Application", "Application", "{D523B889-FD6A-4CF6-A925-F626688028CB}"
EndProject
Project("{FAE04EC0-301F-11D3-BF4B-00C04F79EFBC}") = "project.Application.Abstractions", "project.Application.Abstractions\project.Application.Abstractions.csproj", "{D4B6F7F9-5DAA-4F21-9CF6-BDD96F575DBE}"
EndProject
Project("{FAE04EC0-301F-11D3-BF4B-00C04F79EFBC}") = "project.Application.Contracts", "project.Application.Contracts\project.Application.Contracts.csproj", "{8BA06982-138C-43C6-B6B9-AB836A2038A2}"
EndProject
Project("{FAE04EC0-301F-11D3-BF4B-00C04F79EFBC}") = "project.Application.Models", "project.Application.Models\project.Application.Models.csproj", "{20C71DCE-5B08-485B-9D82-9285DE6CFCC6}"
EndProject
Project("{FAE04EC0-301F-11D3-BF4B-00C04F79EFBC}") = "project.Application", "project.Application\project.Application.csproj", "{C2269D43-1970-4198-BFCF-E6424377B7DD}"
	ProjectSection(ProjectDependencies) = postProject
		{CE032D07-B67B-4A65-A18B-9C36E07BF408} = {CE032D07-B67B-4A65-A18B-9C36E07BF408}
	EndProjectSection
EndProject
Project("{2150E333-8FDC-42A3-9474-1A3956D46DE8}") = "Infrastructure", "Infrastructure", "{5340BCB0-07C3-4102-A469-1AFEA7DE8636}"
EndProject
Project("{FAE04EC0-301F-11D3-BF4B-00C04F79EFBC}") = "project.Infrastructure.Persistence", "project.Infrastructure.Persistence\project.Infrastructure.Persistence.csproj", "{440D7CD7-8AD4-4BC2-B8AD-3C9E0EAE54EB}"
EndProject
Project("{2150E333-8FDC-42A3-9474-1A3956D46DE8}") = "Presentation", "Presentation", "{F6856496-D2D2-46D7-A3F5-448623F660B4}"
EndProject
Project("{2150E333-8FDC-42A3-9474-1A3956D46DE8}") = "Solution Items", "Solution Items", "{5919CFCD-C0C1-40A4-8409-A06971FCF717}"
	ProjectSection(SolutionItems) = preProject
		docker-compose.yml = docker-compose.yml
	EndProjectSection
EndProject
Project("{FAE04EC0-301F-11D3-BF4B-00C04F79EFBC}") = "WebApplication1", "WebApplication1\WebApplication1.csproj", "{CE032D07-B67B-4A65-A18B-9C36E07BF408}"
EndProject
Project("{FAE04EC0-301F-11D3-BF4B-00C04F79EFBC}") = "Presentation.Grpc", "Presentation.Grpc\Presentation.Grpc.csproj", "{9D597B2E-D2B8-4BB7-91D0-BCEABF965416}"
EndProject
Project("{FAE04EC0-301F-11D3-BF4B-00C04F79EFBC}") = "Presentation.Kafka", "Presentation.Kafka\Presentation.Kafka.csproj", "{497FEE97-126E-4DE6-84F9-F3EFBB2B4805}"
EndProject
Project("{2150E333-8FDC-42A3-9474-1A3956D46DE8}") = "gateway", "gateway", "{C19B60DD-46F4-42D6-8C60-C14F6F0FEA0F}"
EndProject
Project("{FAE04EC0-301F-11D3-BF4B-00C04F79EFBC}") = "project.Endpoints", "project.Endpoints\project.Endpoints.csproj", "{6F194A64-42FC-4655-8C8A-8ADAB0F78B22}"
EndProject
Project("{2150E333-8FDC-42A3-9474-1A3956D46DE8}") = "tests", "tests", "{8ED2E38D-4728-4CEE-9F33-50FCC0D44245}"
EndProject
Project("{FAE04EC0-301F-11D3-BF4B-00C04F79EFBC}") = "project.Tests", "project.Tests\project.Tests.csproj", "{5C01D424-D450-4FF2-BF1B-27428CDBCE41}"
EndProject
Global
	GlobalSection(SolutionConfigurationPlatforms) = preSolution
		Debug|Any CPU = Debug|Any CPU
		Release|Any CPU = Release|Any CPU
	EndGlobalSection
	GlobalSection(ProjectConfigurationPlatforms) = postSolution
		{D4B6F7F9-5DAA-4F21-9CF6-BDD96F575DBE}.Debug|Any CPU.ActiveCfg = Debug|Any CPU
		{D4B6F7F9-5DAA-4F21-9CF6-BDD96F575DBE}.Debug|Any CPU.Build.0 = Debug|Any CPU
		{D4B6F7F9-5DAA-4F21-9CF6-BDD96F575DBE}.Release|Any CPU.ActiveCfg = Release|Any CPU
		{D4B6F7F9-5DAA-4F21-9CF6-BDD96F575DBE}.Release|Any CPU.Build.0 = Release|Any CPU
		{8BA06982-138C-43C6-B6B9-AB836A2038A2}.Debug|Any CPU.ActiveCfg = Debug|Any CPU
		{8BA06982-138C-43C6-B6B9-AB836A2038A2}.Debug|Any CPU.Build.0 = Debug|Any CPU
		{8BA06982-138C-43C6-B6B9-AB836A2038A2}.Release|Any CPU.ActiveCfg = Release|Any CPU
		{8BA06982-138C-43C6-B6B9-AB836A2038A2}.Release|Any CPU.Build.0 = Release|Any CPU
		{20C71DCE-5B08-485B-9D82-9285DE6CFCC6}.Debug|Any CPU.ActiveCfg = Debug|Any CPU
		{20C71DCE-5B08-485B-9D82-9285DE6CFCC6}.Debug|Any CPU.Build.0 = Debug|Any CPU
		{20C71DCE-5B08-485B-9D82-9285DE6CFCC6}.Release|Any CPU.ActiveCfg = Release|Any CPU
		{20C71DCE-5B08-485B-9D82-9285DE6CFCC6}.Release|Any CPU.Build.0 = Release|Any CPU
		{C2269D43-1970-4198-BFCF-E6424377B7DD}.Debug|Any CPU.ActiveCfg = Debug|Any CPU
		{C2269D43-1970-4198-BFCF-E6424377B7DD}.Debug|Any CPU.Build.0 = Debug|Any CPU
		{C2269D43-1970-4198-BFCF-E6424377B7DD}.Release|Any CPU.ActiveCfg = Release|Any CPU
		{C2269D43-1970-4198-BFCF-E6424377B7DD}.Release|Any CPU.Build.0 = Release|Any CPU
		{440D7CD7-8AD4-4BC2-B8AD-3C9E0EAE54EB}.Debug|Any CPU.ActiveCfg = Debug|Any CPU
		{440D7CD7-8AD4-4BC2-B8AD-3C9E0EAE54EB}.Debug|Any CPU.Build.0 = Debug|Any CPU
		{440D7CD7-8AD4-4BC2-B8AD-3C9E0EAE54EB}.Release|Any CPU.ActiveCfg = Release|Any CPU
		{440D7CD7-8AD4-4BC2-B8AD-3C9E0EAE54EB}.Release|Any CPU.Build.0 = Release|Any CPU
		{CE032D07-B67B-4A65-A18B-9C36E07BF408}.Debug|Any CPU.ActiveCfg = Debug|Any CPU
		{CE032D07-B67B-4A65-A18B-9C36E07BF408}.Debug|Any CPU.Build.0 = Debug|Any CPU
		{CE032D07-B67B-4A65-A18B-9C36E07BF408}.Release|Any CPU.ActiveCfg = Release|Any CPU
		{CE032D07-B67B-4A65-A18B-9C36E07BF408}.Release|Any CPU.Build.0 = Release|Any CPU
		{9D597B2E-D2B8-4BB7-91D0-BCEABF965416}.Debug|Any CPU.ActiveCfg = Debug|Any CPU
		{9D597B2E-D2B8-4BB7-91D0-BCEABF965416}.Debug|Any CPU.Build.0 = Debug|Any CPU
		{9D597B2E-D2B8-4BB7-91D0-BCEABF965416}.Release|Any CPU.ActiveCfg = Release|Any CPU
		{9D597B2E-D2B8-4BB7-91D0-BCEABF965416}.Release|Any CPU.Build.0 = Release|Any CPU
		{497FEE97-126E-4DE6-84F9-F3EFBB2B4805}.Debug|Any CPU.ActiveCfg = Debug|Any CPU
		{497FEE97-126E-4DE6-84F9-F3EFBB2B4805}.Debug|Any CPU.Build.0 = Debug|Any CPU
		{497FEE97-126E-4DE6-84F9-F3EFBB2B4805}.Release|Any CPU.ActiveCfg = Release|Any CPU
		{497FEE97-126E-4DE6-84F9-F3EFBB2B4805}.Release|Any CPU.Build.0 = Release|Any CPU
		{6F194A64-42FC-4655-8C8A-8ADAB0F78B22}.Debug|Any CPU.ActiveCfg = Debug|Any CPU
		{6F194A64-42FC-4655-8C8A-8ADAB0F78B22}.Debug|Any CPU.Build.0 = Debug|Any CPU
		{6F194A64-42FC-4655-8C8A-8ADAB0F78B22}.Release|Any CPU.ActiveCfg = Release|Any CPU
		{6F194A64-42FC-4655-8C8A-8ADAB0F78B22}.Release|Any CPU.Build.0 = Release|Any CPU
		{5C01D424-D450-4FF2-BF1B-27428CDBCE41}.Debug|Any CPU.ActiveCfg = Debug|Any CPU
		{5C01D424-D450-4FF2-BF1B-27428CDBCE41}.Debug|Any CPU.Build.0 = Debug|Any CPU
		{5C01D424-D450-4FF2-BF1B-27428CDBCE41}.Release|Any CPU.ActiveCfg = Release|Any CPU
		{5C01D424-D450-4FF2-BF1B-27428CDBCE41}.Release|Any CPU.Build.0 = Release|Any CPU
	EndGlobalSection
	GlobalSection(NestedProjects) = preSolution
		{42DACB45-93B4-46CF-94EB-724B0B864865} = {579E9CF8-B255-4375-ABCC-BD5B8BC3F8B2}
		{D523B889-FD6A-4CF6-A925-F626688028CB} = {42DACB45-93B4-46CF-94EB-724B0B864865}
		{D4B6F7F9-5DAA-4F21-9CF6-BDD96F575DBE} = {D523B889-FD6A-4CF6-A925-F626688028CB}
		{8BA06982-138C-43C6-B6B9-AB836A2038A2} = {D523B889-FD6A-4CF6-A925-F626688028CB}
		{20C71DCE-5B08-485B-9D82-9285DE6CFCC6} = {D523B889-FD6A-4CF6-A925-F626688028CB}
		{C2269D43-1970-4198-BFCF-E6424377B7DD} = {D523B889-FD6A-4CF6-A925-F626688028CB}
		{5340BCB0-07C3-4102-A469-1AFEA7DE8636} = {42DACB45-93B4-46CF-94EB-724B0B864865}
		{440D7CD7-8AD4-4BC2-B8AD-3C9E0EAE54EB} = {5340BCB0-07C3-4102-A469-1AFEA7DE8636}
		{F6856496-D2D2-46D7-A3F5-448623F660B4} = {42DACB45-93B4-46CF-94EB-724B0B864865}
		{CE032D07-B67B-4A65-A18B-9C36E07BF408} = {F6856496-D2D2-46D7-A3F5-448623F660B4}
		{9D597B2E-D2B8-4BB7-91D0-BCEABF965416} = {F6856496-D2D2-46D7-A3F5-448623F660B4}
		{497FEE97-126E-4DE6-84F9-F3EFBB2B4805} = {F6856496-D2D2-46D7-A3F5-448623F660B4}
		{C19B60DD-46F4-42D6-8C60-C14F6F0FEA0F} = {579E9CF8-B255-4375-ABCC-BD5B8BC3F8B2}
		{6F194A64-42FC-4655-8C8A-8ADAB0F78B22} = {C19B60DD-46F4-42D6-8C60-C14F6F0FEA0F}
		{8ED2E38D-4728-4CEE-9F33-50FCC0D44245} = {579E9CF8-B255-4375-ABCC-BD5B8BC3F8B2}
		{5C01D424-D450-4FF2-BF1B-27428CDBCE41} = {8ED2E38D-4728-4CEE-9F33-50FCC0D44245}
	EndGlobalSection
EndGlobal
